
Microsoft Visual Studio Solution File, Format Version 12.00
# Visual Studio Version 17
VisualStudioVersion = 17.5.33627.172
MinimumVisualStudioVersion = 10.0.40219.1
Project("{9A19103F-16F7-4668-BE54-9A1E7A4F7556}") = "Repositories", "Repositories\Repositories.csproj", "{F5FE127A-5ECF-4D26-B4AC-D8768B154966}"
EndProject
Project("{9A19103F-16F7-4668-BE54-9A1E7A4F7556}") = "BusinessObjects", "BusinessObjects\BusinessObjects.csproj", "{8D1A31CB-C5EA-4FA7-B765-A266AAF67110}"
EndProject
Project("{9A19103F-16F7-4668-BE54-9A1E7A4F7556}") = "DataAccess", "DataAccess\DataAccess.csproj", "{39620269-00A9-4F4E-B36B-B836442D56E5}"
EndProject
Global
	GlobalSection(SolutionConfigurationPlatforms) = preSolution
		Debug|Any CPU = Debug|Any CPU
		Release|Any CPU = Release|Any CPU
	EndGlobalSection
	GlobalSection(ProjectConfigurationPlatforms) = postSolution
		{F5FE127A-5ECF-4D26-B4AC-D8768B154966}.Debug|Any CPU.ActiveCfg = Debug|Any CPU
		{F5FE127A-5ECF-4D26-B4AC-D8768B154966}.Debug|Any CPU.Build.0 = Debug|Any CPU
		{F5FE127A-5ECF-4D26-B4AC-D8768B154966}.Release|Any CPU.ActiveCfg = Release|Any CPU
		{F5FE127A-5ECF-4D26-B4AC-D8768B154966}.Release|Any CPU.Build.0 = Release|Any CPU
		{8D1A31CB-C5EA-4FA7-B765-A266AAF67110}.Debug|Any CPU.ActiveCfg = Debug|Any CPU
		{8D1A31CB-C5EA-4FA7-B765-A266AAF67110}.Debug|Any CPU.Build.0 = Debug|Any CPU
		{8D1A31CB-C5EA-4FA7-B765-A266AAF67110}.Release|Any CPU.ActiveCfg = Release|Any CPU
		{8D1A31CB-C5EA-4FA7-B765-A266AAF67110}.Release|Any CPU.Build.0 = Release|Any CPU
		{39620269-00A9-4F4E-B36B-B836442D56E5}.Debug|Any CPU.ActiveCfg = Debug|Any CPU
		{39620269-00A9-4F4E-B36B-B836442D56E5}.Debug|Any CPU.Build.0 = Debug|Any CPU
		{39620269-00A9-4F4E-B36B-B836442D56E5}.Release|Any CPU.ActiveCfg = Release|Any CPU
		{39620269-00A9-4F4E-B36B-B836442D56E5}.Release|Any CPU.Build.0 = Release|Any CPU
	EndGlobalSection
	GlobalSection(SolutionProperties) = preSolution
		HideSolutionNode = FALSE
	EndGlobalSection
	GlobalSection(ExtensibilityGlobals) = postSolution
		SolutionGuid = {F96319D0-E70C-47CC-9FC3-2612F8D5D9A3}
	EndGlobalSection
EndGlobal
